schema: '2.0'
stages:
  load_data:
    cmd: python src/load_data.py
    deps:
    - path: src/load_data.py
      md5: db94f13dab25164fb992831442e357e7
      size: 228
    outs:
    - path: output/data.pkl
      md5: 35353c71da0985eed8bb507bbc53bd91
      size: 54950285
  train:
    cmd: python src/train.py
    deps:
    - path: output/data.pkl
      md5: 35353c71da0985eed8bb507bbc53bd91
      size: 54950285
    - path: src/train.py
      md5: 7579c60bdc655473b11f87b0f7a81e01
      size: 2896
    params:
      params.yaml:
        train.batch_size: 128
        train.dropout: 0.45
        train.hidden_units: 64
        train.lr: 0.001
        train.num_epochs: 2
    outs:
    - path: dvclive/metrics.json
      md5: 0029ac896f34f8d43a761e6e0af7e47b
      size: 36
    - path: dvclive/plots/metrics/accuracy.tsv
      md5: 5d8c9fc64470411a5a9d36d223fb99ab
      size: 22
    - path: output/model.h5
      md5: bbfa00bab19ceb28094971450b95568c
      size: 3681752
    - path: output/train_logs.csv
      md5: d5fdac776bc9e50c3b38d97d4a12d386
      size: 99
  evaluate:
    cmd: python src/evaluate.py
    deps:
    - path: output/data.pkl
      md5: 35353c71da0985eed8bb507bbc53bd91
      size: 54950285
    - path: output/model.h5
      md5: bbfa00bab19ceb28094971450b95568c
      size: 3681752
    - path: src/evaluate.py
      md5: 56af2219bbc7599971432616d8afdf13
      size: 1161
    outs:
    - path: output/metrics.json
      md5: 2e592a648be89e91b442b19c133fe65a
      size: 61
    - path: output/predictions.json
      md5: bd4ff887fc2103914c31e89b23cce079
      size: 310000
