schema: '2.0'
stages:
  load_data:
    cmd: python src/load_data.py
    deps:
    - path: src/load_data.py
      md5: db94f13dab25164fb992831442e357e7
      size: 228
    outs:
    - path: output/data.pkl
      md5: 35353c71da0985eed8bb507bbc53bd91
      size: 54950285
  train:
    cmd: python src/train.py
    deps:
    - path: output/data.pkl
      md5: 35353c71da0985eed8bb507bbc53bd91
      size: 54950285
    - path: src/train.py
      md5: 7579c60bdc655473b11f87b0f7a81e01
      size: 2896
    params:
      params.yaml:
        train.batch_size: 128
        train.dropout: 0.45
        train.hidden_units: 64
        train.lr: 0.001
        train.num_epochs: 4
    outs:
    - path: dvclive/metrics.json
      md5: 2c444f4e12def42d9627b04504d7ef8b
      size: 36
    - path: dvclive/plots/metrics/accuracy.tsv
      md5: 0ed0fb3eab4df7aa55c482f05b7b252c
      size: 30
    - path: output/model.h5
      md5: f7d271329b4643e1974f97c2f8542044
      size: 3681752
    - path: output/train_logs.csv
      md5: dc82f79a27490a6d3c2c39e519c4ff5d
      size: 183
  evaluate:
    cmd: python src/evaluate.py
    deps:
    - path: output/data.pkl
      md5: 35353c71da0985eed8bb507bbc53bd91
      size: 54950285
    - path: output/model.h5
      md5: f7d271329b4643e1974f97c2f8542044
      size: 3681752
    - path: src/evaluate.py
      md5: 56af2219bbc7599971432616d8afdf13
      size: 1161
    outs:
    - path: output/metrics.json
      md5: 9919f2b7c81247553376d8a4bf99d1e0
      size: 61
    - path: output/predictions.json
      md5: 438e52237545f3c92a861384b1181077
      size: 310000
