schema: '2.0'
stages:
  load_data:
    cmd: python src/load_data.py
    deps:
    - path: src/load_data.py
      md5: db94f13dab25164fb992831442e357e7
      size: 228
    outs:
    - path: output/data.pkl
      md5: 35353c71da0985eed8bb507bbc53bd91
      size: 54950285
  train:
    cmd: python src/train.py
    deps:
    - path: output/data.pkl
      md5: 35353c71da0985eed8bb507bbc53bd91
      size: 54950285
    - path: src/train.py
      md5: e79a11f7ceb3bb0ff97e57213757b5a0
      size: 2991
    params:
      params.yaml:
        train.batch_size: 128
        train.dropout: 0.45
        train.hidden_units: 64
        train.lr: 0.001
        train.num_epochs: 1
    outs:
    - path: dvclive/metrics.json
      md5: ea553554747b89a92eb97f8a1d448d19
      size: 36
    - path: dvclive/plots/metrics/accuracy.tsv
      md5: 4e99e1cb406d8eeee91be7ac06f43e09
      size: 18
    - path: output/model.h5
      md5: 51113e09ea4b9bd1a55543760788fe79
      size: 3681752
    - path: output/train_logs.csv
      md5: d9c04f7142b5482a7e0b921365c323e3
      size: 60
  evaluate:
    cmd: python src/evaluate.py
    deps:
    - path: output/data.pkl
      md5: 35353c71da0985eed8bb507bbc53bd91
      size: 54950285
    - path: output/model.h5
      md5: 51113e09ea4b9bd1a55543760788fe79
      size: 3681752
    - path: src/evaluate.py
      md5: 56af2219bbc7599971432616d8afdf13
      size: 1161
    outs:
    - path: output/metrics.json
      md5: 0696a6f09891600959d73fbfff068e44
      size: 59
    - path: output/predictions.json
      md5: 0c6f96c5bda97afb6bc477c5824ed1e8
      size: 310000
